
Microsoft Visual Studio Solution File, Format Version 12.00
# Visual Studio 15
VisualStudioVersion = 15.0.28010.2036
MinimumVisualStudioVersion = 10.0.40219.1
Project("{FAE04EC0-301F-11D3-BF4B-00C04F79EFBC}") = "Pythagorean_table", "Pythagorean_table\Pythagorean_table.csproj", "{FB0C9704-208F-4067-972D-F9D9160436CE}"
EndProject
Global
	GlobalSection(SolutionConfigurationPlatforms) = preSolution
		Debug|Any CPU = Debug|Any CPU
		Release|Any CPU = Release|Any CPU
	EndGlobalSection
	GlobalSection(ProjectConfigurationPlatforms) = postSolution
		{FB0C9704-208F-4067-972D-F9D9160436CE}.Debug|Any CPU.ActiveCfg = Debug|Any CPU
		{FB0C9704-208F-4067-972D-F9D9160436CE}.Debug|Any CPU.Build.0 = Debug|Any CPU
		{FB0C9704-208F-4067-972D-F9D9160436CE}.Release|Any CPU.ActiveCfg = Release|Any CPU
		{FB0C9704-208F-4067-972D-F9D9160436CE}.Release|Any CPU.Build.0 = Release|Any CPU
	EndGlobalSection
	GlobalSection(SolutionProperties) = preSolution
		HideSolutionNode = FALSE
	EndGlobalSection
	GlobalSection(ExtensibilityGlobals) = postSolution
		SolutionGuid = {184DD381-27A5-444D-B751-B9F3A7244EC5}
	EndGlobalSection
EndGlobal
